
Microsoft Visual Studio Solution File, Format Version 12.00
# Visual Studio Version 16
VisualStudioVersion = 16.0.30114.105
MinimumVisualStudioVersion = 10.0.40219.1
Project("{FAE04EC0-301F-11D3-BF4B-00C04F79EFBC}") = "Api", "Api\Api.csproj", "{8AC0C374-7461-4186-8EC6-5CC920CA7875}"
EndProject
Project("{FAE04EC0-301F-11D3-BF4B-00C04F79EFBC}") = "Core", "Core\Core.csproj", "{91DDC72E-FF2C-4E91-B0A5-81C687FA71CB}"
EndProject
Project("{FAE04EC0-301F-11D3-BF4B-00C04F79EFBC}") = "Infrastructure", "Infrastructure\Infrastructure.csproj", "{AEA69678-0746-4FB9-BC3E-55852566D617}"
EndProject
Global
	GlobalSection(SolutionConfigurationPlatforms) = preSolution
		Debug|Any CPU = Debug|Any CPU
		Debug|x64 = Debug|x64
		Debug|x86 = Debug|x86
		Release|Any CPU = Release|Any CPU
		Release|x64 = Release|x64
		Release|x86 = Release|x86
	EndGlobalSection
	GlobalSection(SolutionProperties) = preSolution
		HideSolutionNode = FALSE
	EndGlobalSection
	GlobalSection(ProjectConfigurationPlatforms) = postSolution
		{8AC0C374-7461-4186-8EC6-5CC920CA7875}.Debug|Any CPU.ActiveCfg = Debug|Any CPU
		{8AC0C374-7461-4186-8EC6-5CC920CA7875}.Debug|Any CPU.Build.0 = Debug|Any CPU
		{8AC0C374-7461-4186-8EC6-5CC920CA7875}.Debug|x64.ActiveCfg = Debug|Any CPU
		{8AC0C374-7461-4186-8EC6-5CC920CA7875}.Debug|x64.Build.0 = Debug|Any CPU
		{8AC0C374-7461-4186-8EC6-5CC920CA7875}.Debug|x86.ActiveCfg = Debug|Any CPU
		{8AC0C374-7461-4186-8EC6-5CC920CA7875}.Debug|x86.Build.0 = Debug|Any CPU
		{8AC0C374-7461-4186-8EC6-5CC920CA7875}.Release|Any CPU.ActiveCfg = Release|Any CPU
		{8AC0C374-7461-4186-8EC6-5CC920CA7875}.Release|Any CPU.Build.0 = Release|Any CPU
		{8AC0C374-7461-4186-8EC6-5CC920CA7875}.Release|x64.ActiveCfg = Release|Any CPU
		{8AC0C374-7461-4186-8EC6-5CC920CA7875}.Release|x64.Build.0 = Release|Any CPU
		{8AC0C374-7461-4186-8EC6-5CC920CA7875}.Release|x86.ActiveCfg = Release|Any CPU
		{8AC0C374-7461-4186-8EC6-5CC920CA7875}.Release|x86.Build.0 = Release|Any CPU
		{91DDC72E-FF2C-4E91-B0A5-81C687FA71CB}.Debug|Any CPU.ActiveCfg = Debug|Any CPU
		{91DDC72E-FF2C-4E91-B0A5-81C687FA71CB}.Debug|Any CPU.Build.0 = Debug|Any CPU
		{91DDC72E-FF2C-4E91-B0A5-81C687FA71CB}.Debug|x64.ActiveCfg = Debug|Any CPU
		{91DDC72E-FF2C-4E91-B0A5-81C687FA71CB}.Debug|x64.Build.0 = Debug|Any CPU
		{91DDC72E-FF2C-4E91-B0A5-81C687FA71CB}.Debug|x86.ActiveCfg = Debug|Any CPU
		{91DDC72E-FF2C-4E91-B0A5-81C687FA71CB}.Debug|x86.Build.0 = Debug|Any CPU
		{91DDC72E-FF2C-4E91-B0A5-81C687FA71CB}.Release|Any CPU.ActiveCfg = Release|Any CPU
		{91DDC72E-FF2C-4E91-B0A5-81C687FA71CB}.Release|Any CPU.Build.0 = Release|Any CPU
		{91DDC72E-FF2C-4E91-B0A5-81C687FA71CB}.Release|x64.ActiveCfg = Release|Any CPU
		{91DDC72E-FF2C-4E91-B0A5-81C687FA71CB}.Release|x64.Build.0 = Release|Any CPU
		{91DDC72E-FF2C-4E91-B0A5-81C687FA71CB}.Release|x86.ActiveCfg = Release|Any CPU
		{91DDC72E-FF2C-4E91-B0A5-81C687FA71CB}.Release|x86.Build.0 = Release|Any CPU
		{AEA69678-0746-4FB9-BC3E-55852566D617}.Debug|Any CPU.ActiveCfg = Debug|Any CPU
		{AEA69678-0746-4FB9-BC3E-55852566D617}.Debug|Any CPU.Build.0 = Debug|Any CPU
		{AEA69678-0746-4FB9-BC3E-55852566D617}.Debug|x64.ActiveCfg = Debug|Any CPU
		{AEA69678-0746-4FB9-BC3E-55852566D617}.Debug|x64.Build.0 = Debug|Any CPU
		{AEA69678-0746-4FB9-BC3E-55852566D617}.Debug|x86.ActiveCfg = Debug|Any CPU
		{AEA69678-0746-4FB9-BC3E-55852566D617}.Debug|x86.Build.0 = Debug|Any CPU
		{AEA69678-0746-4FB9-BC3E-55852566D617}.Release|Any CPU.ActiveCfg = Release|Any CPU
		{AEA69678-0746-4FB9-BC3E-55852566D617}.Release|Any CPU.Build.0 = Release|Any CPU
		{AEA69678-0746-4FB9-BC3E-55852566D617}.Release|x64.ActiveCfg = Release|Any CPU
		{AEA69678-0746-4FB9-BC3E-55852566D617}.Release|x64.Build.0 = Release|Any CPU
		{AEA69678-0746-4FB9-BC3E-55852566D617}.Release|x86.ActiveCfg = Release|Any CPU
		{AEA69678-0746-4FB9-BC3E-55852566D617}.Release|x86.Build.0 = Release|Any CPU
	EndGlobalSection
EndGlobal
